# This file is automatically @generated by Cargo.
# It is not intended for manual editing.
version = 4

[[package]]
name = "maknae"
version = "0.0.0"
dependencies = [
 "maknae-config",
 "maknae-mcp",
 "maknae-proto",
 "maknae-vault",
]

[[package]]
name = "maknae-audit"
version = "0.0.0"

[[package]]
name = "maknae-audit-append"
version = "0.0.0"

[[package]]
name = "maknae-config"
version = "0.0.0"

[[package]]
name = "maknae-kernel"
version = "0.0.0"
dependencies = [
 "maknae-audit",
 "maknae-audit-append",
 "maknae-config",
 "maknae-proto",
 "maknae-spif",
 "maknae-subject-ctx",
 "maknae-subject-ctx-mint",
 "maknae-vault",
]

[[package]]
name = "maknae-llm"
version = "0.0.0"

[[package]]
name = "maknae-mcp"
version = "0.0.0"

[[package]]
name = "maknae-proto"
version = "0.0.0"

[[package]]
name = "maknae-security"
version = "0.0.0"

[[package]]
name = "maknae-spif"
version = "0.0.0"

[[package]]
name = "maknae-spif-compile"
version = "0.0.0"

[[package]]
name = "maknae-spifc"
version = "0.0.0"
dependencies = [
 "maknae-spif-compile",
]

[[package]]
name = "maknae-subject-ctx"
version = "0.0.0"

[[package]]
name = "maknae-subject-ctx-mint"
version = "0.0.0"

[[package]]
name = "maknae-vault"
version = "0.0.0"

[[package]]
name = "maknaed"
version = "0.0.0"
dependencies = [
 "maknae-kernel",
 "maknae-llm",
 "maknae-mcp",
 "maknae-vault",
]
